// !$*UTF8*$!
{
	archiveVersion = 1;
	classes = {
	};
	objectVersion = 56;
	objects = {

/* Begin PBXBuildFile section */
		6659CB102999082500AD4387 /* WriteService.swift in Sources */ = {isa = PBXBuildFile; fileRef = 6659CB0F2999082500AD4387 /* WriteService.swift */; };
		66AD1CDD2997AEE9003B124B /* YandexGoTestApp.swift in Sources */ = {isa = PBXBuildFile; fileRef = 66AD1CDC2997AEE9003B124B /* YandexGoTestApp.swift */; };
		66AD1CDF2997AEE9003B124B /* ContentView.swift in Sources */ = {isa = PBXBuildFile; fileRef = 66AD1CDE2997AEE9003B124B /* ContentView.swift */; };
		66AD1CE12997AEEB003B124B /* Assets.xcassets in Resources */ = {isa = PBXBuildFile; fileRef = 66AD1CE02997AEEB003B124B /* Assets.xcassets */; };
		66AD1CE42997AEEB003B124B /* Preview Assets.xcassets in Resources */ = {isa = PBXBuildFile; fileRef = 66AD1CE32997AEEB003B124B /* Preview Assets.xcassets */; };
		66AD1CEB2997B3E8003B124B /* ViewModel.swift in Sources */ = {isa = PBXBuildFile; fileRef = 66AD1CEA2997B3E8003B124B /* ViewModel.swift */; };
		66AF7B79299D28780041F16A /* FileSortService.swift in Sources */ = {isa = PBXBuildFile; fileRef = 66AF7B78299D28780041F16A /* FileSortService.swift */; };
/* End PBXBuildFile section */

/* Begin PBXFileReference section */
		6659CB0F2999082500AD4387 /* WriteService.swift */ = {isa = PBXFileReference; lastKnownFileType = sourcecode.swift; path = WriteService.swift; sourceTree = "<group>"; };
		66AD1CD92997AEE9003B124B /* YandexGoTest.app */ = {isa = PBXFileReference; explicitFileType = wrapper.application; includeInIndex = 0; path = YandexGoTest.app; sourceTree = BUILT_PRODUCTS_DIR; };
		66AD1CDC2997AEE9003B124B /* YandexGoTestApp.swift */ = {isa = PBXFileReference; lastKnownFileType = sourcecode.swift; path = YandexGoTestApp.swift; sourceTree = "<group>"; };
		66AD1CDE2997AEE9003B124B /* ContentView.swift */ = {isa = PBXFileReference; lastKnownFileType = sourcecode.swift; path = ContentView.swift; sourceTree = "<group>"; };
		66AD1CE02997AEEB003B124B /* Assets.xcassets */ = {isa = PBXFileReference; lastKnownFileType = folder.assetcatalog; path = Assets.xcassets; sourceTree = "<group>"; };
		66AD1CE32997AEEB003B124B /* Preview Assets.xcassets */ = {isa = PBXFileReference; lastKnownFileType = folder.assetcatalog; path = "Preview Assets.xcassets"; sourceTree = "<group>"; };
		66AD1CEA2997B3E8003B124B /* ViewModel.swift */ = {isa = PBXFileReference; lastKnownFileType = sourcecode.swift; path = ViewModel.swift; sourceTree = "<group>"; };
		66AF7B78299D28780041F16A /* FileSortService.swift */ = {isa = PBXFileReference; lastKnownFileType = sourcecode.swift; path = FileSortService.swift; sourceTree = "<group>"; };
/* End PBXFileReference section */

/* Begin PBXFrameworksBuildPhase section */
		66AD1CD62997AEE9003B124B /* Frameworks */ = {
			isa = PBXFrameworksBuildPhase;
			buildActionMask = 2147483647;
			files = (
			);
			runOnlyForDeploymentPostprocessing = 0;
		};
/* End PBXFrameworksBuildPhase section */

/* Begin PBXGroup section */
		66AD1CD02997AEE9003B124B = {
			isa = PBXGroup;
			children = (
				66AD1CDB2997AEE9003B124B /* YandexGoTest */,
				66AD1CDA2997AEE9003B124B /* Products */,
			);
			sourceTree = "<group>";
		};
		66AD1CDA2997AEE9003B124B /* Products */ = {
			isa = PBXGroup;
			children = (
				66AD1CD92997AEE9003B124B /* YandexGoTest.app */,
			);
			name = Products;
			sourceTree = "<group>";
		};
		66AD1CDB2997AEE9003B124B /* YandexGoTest */ = {
			isa = PBXGroup;
			children = (
				66AD1CDC2997AEE9003B124B /* YandexGoTestApp.swift */,
				66AD1CDE2997AEE9003B124B /* ContentView.swift */,
				66AD1CEA2997B3E8003B124B /* ViewModel.swift */,
				66AD1CE02997AEEB003B124B /* Assets.xcassets */,
				66AD1CE22997AEEB003B124B /* Preview Content */,
				6659CB0F2999082500AD4387 /* WriteService.swift */,
				66AF7B78299D28780041F16A /* FileSortService.swift */,
			);
			path = YandexGoTest;
			sourceTree = "<group>";
		};
		66AD1CE22997AEEB003B124B /* Preview Content */ = {
			isa = PBXGroup;
			children = (
				66AD1CE32997AEEB003B124B /* Preview Assets.xcassets */,
			);
			path = "Preview Content";
			sourceTree = "<group>";
		};
/* End PBXGroup section */

/* Begin PBXNativeTarget section */
		66AD1CD82997AEE9003B124B /* YandexGoTest */ = {
			isa = PBXNativeTarget;
			buildConfigurationList = 66AD1CE72997AEEB003B124B /* Build configuration list for PBXNativeTarget "YandexGoTest" */;
			buildPhases = (
				66AD1CD52997AEE9003B124B /* Sources */,
				66AD1CD62997AEE9003B124B /* Frameworks */,
				66AD1CD72997AEE9003B124B /* Resources */,
			);
			buildRules = (
			);
			dependencies = (
			);
			name = YandexGoTest;
			productName = YandexGoTest;
			productReference = 66AD1CD92997AEE9003B124B /* YandexGoTest.app */;
			productType = "com.apple.product-type.application";
		};
/* End PBXNativeTarget section */

/* Begin PBXProject section */
		66AD1CD12997AEE9003B124B /* Project object */ = {
			isa = PBXProject;
			attributes = {
				BuildIndependentTargetsInParallel = 1;
				LastSwiftUpdateCheck = 1420;
				LastUpgradeCheck = 1420;
				TargetAttributes = {
					66AD1CD82997AEE9003B124B = {
						CreatedOnToolsVersion = 14.2;
					};
				};
			};
			buildConfigurationList = 66AD1CD42997AEE9003B124B /* Build configuration list for PBXProject "YandexGoTest" */;
			compatibilityVersion = "Xcode 14.0";
			developmentRegion = en;
			hasScannedForEncodings = 0;
			knownRegions = (
				en,
				Base,
			);
			mainGroup = 66AD1CD02997AEE9003B124B;
			productRefGroup = 66AD1CDA2997AEE9003B124B /* Products */;
			projectDirPath = "";
			projectRoot = "";
			targets = (
				66AD1CD82997AEE9003B124B /* YandexGoTest */,
			);
		};
/* End PBXProject section */

/* Begin PBXResourcesBuildPhase section */
		66AD1CD72997AEE9003B124B /* Resources */ = {
			isa = PBXResourcesBuildPhase;
			buildActionMask = 2147483647;
			files = (
				66AD1CE42997AEEB003B124B /* Preview Assets.xcassets in Resources */,
				66AD1CE12997AEEB003B124B /* Assets.xcassets in Resources */,
			);
			runOnlyForDeploymentPostprocessing = 0;
		};
/* End PBXResourcesBuildPhase section */

/* Begin PBXSourcesBuildPhase section */
		66AD1CD52997AEE9003B124B /* Sources */ = {
			isa = PBXSourcesBuildPhase;
			buildActionMask = 2147483647;
			files = (
				66AD1CDF2997AEE9003B124B /* ContentView.swift in Sources */,
				6659CB102999082500AD4387 /* WriteService.swift in Sources */,
				66AD1CEB2997B3E8003B124B /* ViewModel.swift in Sources */,
				66AD1CDD2997AEE9003B124B /* YandexGoTestApp.swift in Sources */,
				66AF7B79299D28780041F16A /* FileSortService.swift in Sources */,
			);
			runOnlyForDeploymentPostprocessing = 0;
		};
/* End PBXSourcesBuildPhase section */

/* Begin XCBuildConfiguration section */
		66AD1CE52997AEEB003B124B /* Debug */ = {
			isa = XCBuildConfiguration;
			buildSettings = {
				ALWAYS_SEARCH_USER_PATHS = NO;
				CLANG_ANALYZER_NONNULL = YES;
				CLANG_ANALYZER_NUMBER_OBJECT_CONVERSION = YES_AGGRESSIVE;
				CLANG_CXX_LANGUAGE_STANDARD = "gnu++20";
				CLANG_ENABLE_MODULES = YES;
				CLANG_ENABLE_OBJC_ARC = YES;
				CLANG_ENABLE_OBJC_WEAK = YES;
				CLANG_WARN_BLOCK_CAPTURE_AUTORELEASING = YES;
				CLANG_WARN_BOOL_CONVERSION = YES;
				CLANG_WARN_COMMA = YES;
				CLANG_WARN_CONSTANT_CONVERSION = YES;
				CLANG_WARN_DEPRECATED_OBJC_IMPLEMENTATIONS = YES;
				CLANG_WARN_DIRECT_OBJC_ISA_USAGE = YES_ERROR;
				CLANG_WARN_DOCUMENTATION_COMMENTS = YES;
				CLANG_WARN_EMPTY_BODY = YES;
				CLANG_WARN_ENUM_CONVERSION = YES;
				CLANG_WARN_INFINITE_RECURSION = YES;
				CLANG_WARN_INT_CONVERSION = YES;
				CLANG_WARN_NON_LITERAL_NULL_CONVERSION = YES;
				CLANG_WARN_OBJC_IMPLICIT_RETAIN_SELF = YES;
				CLANG_WARN_OBJC_LITERAL_CONVERSION = YES;
				CLANG_WARN_OBJC_ROOT_CLASS = YES_ERROR;
				CLANG_WARN_QUOTED_INCLUDE_IN_FRAMEWORK_HEADER = YES;
				CLANG_WARN_RANGE_LOOP_ANALYSIS = YES;
				CLANG_WARN_STRICT_PROTOTYPES = YES;
				CLANG_WARN_SUSPICIOUS_MOVE = YES;
				CLANG_WARN_UNGUARDED_AVAILABILITY = YES_AGGRESSIVE;
				CLANG_WARN_UNREACHABLE_CODE = YES;
				CLANG_WARN__DUPLICATE_METHOD_MATCH = YES;
				COPY_PHASE_STRIP = NO;
				DEBUG_INFORMATION_FORMAT = dwarf;
				ENABLE_STRICT_OBJC_MSGSEND = YES;
				ENABLE_TESTABILITY = YES;
				GCC_C_LANGUAGE_STANDARD = gnu11;
				GCC_DYNAMIC_NO_PIC = NO;
				GCC_NO_COMMON_BLOCKS = YES;
				GCC_OPTIMIZATION_LEVEL = 0;
				GCC_PREPROCESSOR_DEFINITIONS = (
					"DEBUG=1",
					"$(inherited)",
				);
				GCC_WARN_64_TO_32_BIT_CONVERSION = YES;
				GCC_WARN_ABOUT_RETURN_TYPE = YES_ERROR;
				GCC_WARN_UNDECLARED_SELECTOR = YES;
				GCC_WARN_UNINITIALIZED_AUTOS = YES_AGGRESSIVE;
				GCC_WARN_UNUSED_FUNCTION = YES;
				GCC_WARN_UNUSED_VARIABLE = YES;
				IPHONEOS_DEPLOYMENT_TARGET = 16.2;
				MTL_ENABLE_DEBUG_INFO = INCLUDE_SOURCE;
				MTL_FAST_MATH = YES;
				ONLY_ACTIVE_ARCH = YES;
				SDKROOT = iphoneos;
				SWIFT_ACTIVE_COMPILATION_CONDITIONS = DEBUG;
				SWIFT_OPTIMIZATION_LEVEL = "-Onone";
			};
			name = Debug;
		};
		66AD1CE62997AEEB003B124B /* Release */ = {
			isa = XCBuildConfiguration;
			buildSettings = {
				ALWAYS_SEARCH_USER_PATHS = NO;
				CLANG_ANALYZER_NONNULL = YES;
				CLANG_ANALYZER_NUMBER_OBJECT_CONVERSION = YES_AGGRESSIVE;
				CLANG_CXX_LANGUAGE_STANDARD = "gnu++20";
				CLANG_ENABLE_MODULES = YES;
				CLANG_ENABLE_OBJC_ARC = YES;
				CLANG_ENABLE_OBJC_WEAK = YES;
				CLANG_WARN_BLOCK_CAPTURE_AUTORELEASING = YES;
				CLANG_WARN_BOOL_CONVERSION = YES;
				CLANG_WARN_COMMA = YES;
				CLANG_WARN_CONSTANT_CONVERSION = YES;
				CLANG_WARN_DEPRECATED_OBJC_IMPLEMENTATIONS = YES;
				CLANG_WARN_DIRECT_OBJC_ISA_USAGE = YES_ERROR;
				CLANG_WARN_DOCUMENTATION_COMMENTS = YES;
				CLANG_WARN_EMPTY_BODY = YES;
				CLANG_WARN_ENUM_CONVERSION = YES;
				CLANG_WARN_INFINITE_RECURSION = YES;
				CLANG_WARN_INT_CONVERSION = YES;
				CLANG_WARN_NON_LITERAL_NULL_CONVERSION = YES;
				CLANG_WARN_OBJC_IMPLICIT_RETAIN_SELF = YES;
				CLANG_WARN_OBJC_LITERAL_CONVERSION = YES;
				CLANG_WARN_OBJC_ROOT_CLASS = YES_ERROR;
				CLANG_WARN_QUOTED_INCLUDE_IN_FRAMEWORK_HEADER = YES;
				CLANG_WARN_RANGE_LOOP_ANALYSIS = YES;
				CLANG_WARN_STRICT_PROTOTYPES = YES;
				CLANG_WARN_SUSPICIOUS_MOVE = YES;
				CLANG_WARN_UNGUARDED_AVAILABILITY = YES_AGGRESSIVE;
				CLANG_WARN_UNREACHABLE_CODE = YES;
				CLANG_WARN__DUPLICATE_METHOD_MATCH = YES;
				COPY_PHASE_STRIP = NO;
				DEBUG_INFORMATION_FORMAT = "dwarf-with-dsym";
				ENABLE_NS_ASSERTIONS = NO;
				ENABLE_STRICT_OBJC_MSGSEND = YES;
				GCC_C_LANGUAGE_STANDARD = gnu11;
				GCC_NO_COMMON_BLOCKS = YES;
				GCC_WARN_64_TO_32_BIT_CONVERSION = YES;
				GCC_WARN_ABOUT_RETURN_TYPE = YES_ERROR;
				GCC_WARN_UNDECLARED_SELECTOR = YES;
				GCC_WARN_UNINITIALIZED_AUTOS = YES_AGGRESSIVE;
				GCC_WARN_UNUSED_FUNCTION = YES;
				GCC_WARN_UNUSED_VARIABLE = YES;
				IPHONEOS_DEPLOYMENT_TARGET = 16.2;
				MTL_ENABLE_DEBUG_INFO = NO;
				MTL_FAST_MATH = YES;
				SDKROOT = iphoneos;
				SWIFT_COMPILATION_MODE = wholemodule;
				SWIFT_OPTIMIZATION_LEVEL = "-O";
				VALIDATE_PRODUCT = YES;
			};
			name = Release;
		};
		66AD1CE82997AEEB003B124B /* Debug */ = {
			isa = XCBuildConfiguration;
			buildSettings = {
				ASSETCATALOG_COMPILER_APPICON_NAME = AppIcon;
				ASSETCATALOG_COMPILER_GLOBAL_ACCENT_COLOR_NAME = AccentColor;
				CODE_SIGN_STYLE = Automatic;
				CURRENT_PROJECT_VERSION = 1;
				DEVELOPMENT_ASSET_PATHS = "\"YandexGoTest/Preview Content\"";
				DEVELOPMENT_TEAM = ZXXM7B2M2L;
				ENABLE_PREVIEWS = YES;
				GENERATE_INFOPLIST_FILE = YES;
				INFOPLIST_KEY_UIApplicationSceneManifest_Generation = YES;
				INFOPLIST_KEY_UIApplicationSupportsIndirectInputEvents = YES;
				INFOPLIST_KEY_UILaunchScreen_Generation = YES;
				INFOPLIST_KEY_UISupportedInterfaceOrientations_iPad = "UIInterfaceOrientationPortrait UIInterfaceOrientationPortraitUpsideDown UIInterfaceOrientationLandscapeLeft UIInterfaceOrientationLandscapeRight";
				INFOPLIST_KEY_UISupportedInterfaceOrientations_iPhone = "UIInterfaceOrientationPortrait UIInterfaceOrientationLandscapeLeft UIInterfaceOrientationLandscapeRight";
				LD_RUNPATH_SEARCH_PATHS = (
					"$(inherited)",
					"@executable_path/Frameworks",
				);
				MARKETING_VERSION = 1.0;
				PRODUCT_BUNDLE_IDENTIFIER = com.puzz.YandexGoTest;
				PRODUCT_NAME = "$(TARGET_NAME)";
				SWIFT_EMIT_LOC_STRINGS = YES;
				SWIFT_VERSION = 5.0;
				TARGETED_DEVICE_FAMILY = "1,2";
			};
			name = Debug;
		};
		66AD1CE92997AEEB003B124B /* Release */ = {
			isa = XCBuildConfiguration;
			buildSettings = {
				ASSETCATALOG_COMPILER_APPICON_NAME = AppIcon;
				ASSETCATALOG_COMPILER_GLOBAL_ACCENT_COLOR_NAME = AccentColor;
				CODE_SIGN_STYLE = Automatic;
				CURRENT_PROJECT_VERSION = 1;
				DEVELOPMENT_ASSET_PATHS = "\"YandexGoTest/Preview Content\"";
				DEVELOPMENT_TEAM = ZXXM7B2M2L;
				ENABLE_PREVIEWS = YES;
				GENERATE_INFOPLIST_FILE = YES;
				INFOPLIST_KEY_UIApplicationSceneManifest_Generation = YES;
				INFOPLIST_KEY_UIApplicationSupportsIndirectInputEvents = YES;
				INFOPLIST_KEY_UILaunchScreen_Generation = YES;
				INFOPLIST_KEY_UISupportedInterfaceOrientations_iPad = "UIInterfaceOrientationPortrait UIInterfaceOrientationPortraitUpsideDown UIInterfaceOrientationLandscapeLeft UIInterfaceOrientationLandscapeRight";
				INFOPLIST_KEY_UISupportedInterfaceOrientations_iPhone = "UIInterfaceOrientationPortrait UIInterfaceOrientationLandscapeLeft UIInterfaceOrientationLandscapeRight";
				LD_RUNPATH_SEARCH_PATHS = (
					"$(inherited)",
					"@executable_path/Frameworks",
				);
				MARKETING_VERSION = 1.0;
				PRODUCT_BUNDLE_IDENTIFIER = com.puzz.YandexGoTest;
				PRODUCT_NAME = "$(TARGET_NAME)";
				SWIFT_EMIT_LOC_STRINGS = YES;
				SWIFT_VERSION = 5.0;
				TARGETED_DEVICE_FAMILY = "1,2";
			};
			name = Release;
		};
/* End XCBuildConfiguration section */

/* Begin XCConfigurationList section */
		66AD1CD42997AEE9003B124B /* Build configuration list for PBXProject "YandexGoTest" */ = {
			isa = XCConfigurationList;
			buildConfigurations = (
				66AD1CE52997AEEB003B124B /* Debug */,
				66AD1CE62997AEEB003B124B /* Release */,
			);
			defaultConfigurationIsVisible = 0;
			defaultConfigurationName = Release;
		};
		66AD1CE72997AEEB003B124B /* Build configuration list for PBXNativeTarget "YandexGoTest" */ = {
			isa = XCConfigurationList;
			buildConfigurations = (
				66AD1CE82997AEEB003B124B /* Debug */,
				66AD1CE92997AEEB003B124B /* Release */,
			);
			defaultConfigurationIsVisible = 0;
			defaultConfigurationName = Release;
		};
/* End XCConfigurationList section */
	};
	rootObject = 66AD1CD12997AEE9003B124B /* Project object */;
}
